{
  "name": "http",
  "lockfileVersion": 3,
  "requires": true,
  "packages": {
    "": {
      "dependencies": {
        "httpsflood": "^1.2.5"
      }
    },
    "node_modules/httpsflood": {
      "version": "1.2.5",
      "resolved": "https://registry.npmjs.org/httpsflood/-/httpsflood-1.2.5.tgz",
      "integrity": "sha512-vS+7i0EvQhPsiKxCMZ/m1mbJaAdfr3WHa9GAIVr4Fnxx9UaGeb2buAcIBRRzx4XTDYBgJIemCwXtkXafR5Sjtw=="
    }
  }
}
